
Microsoft Visual Studio Solution File, Format Version 12.00
Project("{FAE04EC0-301F-11D3-BF4B-00C04F79EFBC}") = "Nethermind.Verkle.Bench", "Nethermind.Verkle.Bench\Nethermind.Verkle.Bench.csproj", "{41EB50B2-B46D-48B9-AAD9-5BE0DE0C81F7}"
EndProject
Project("{FAE04EC0-301F-11D3-BF4B-00C04F79EFBC}") = "Nethermind.Verkle", "Nethermind.Verkle\Nethermind.Verkle.csproj", "{4F05FC0B-DFB6-41A8-B5E3-FB23C348833E}"
EndProject
Project("{FAE04EC0-301F-11D3-BF4B-00C04F79EFBC}") = "Nethermind.Verkle.Tests", "Nethermind.Verkle.Tests\Nethermind.Verkle.Tests.csproj", "{7A18E6E4-1924-4292-A404-195A819FE629}"
EndProject
Project("{FAE04EC0-301F-11D3-BF4B-00C04F79EFBC}") = "Nethermind.RustVerkle", "Nethermind.RustVerkle\Nethermind.RustVerkle.csproj", "{98ECB6A5-5D84-4C2B-B0F7-B2F945B4A8CA}"
EndProject
Global
	GlobalSection(SolutionConfigurationPlatforms) = preSolution
		Debug|Any CPU = Debug|Any CPU
		Release|Any CPU = Release|Any CPU
	EndGlobalSection
	GlobalSection(ProjectConfigurationPlatforms) = postSolution
		{41EB50B2-B46D-48B9-AAD9-5BE0DE0C81F7}.Debug|Any CPU.ActiveCfg = Debug|Any CPU
		{41EB50B2-B46D-48B9-AAD9-5BE0DE0C81F7}.Debug|Any CPU.Build.0 = Debug|Any CPU
		{41EB50B2-B46D-48B9-AAD9-5BE0DE0C81F7}.Release|Any CPU.ActiveCfg = Release|Any CPU
		{41EB50B2-B46D-48B9-AAD9-5BE0DE0C81F7}.Release|Any CPU.Build.0 = Release|Any CPU
		{4F05FC0B-DFB6-41A8-B5E3-FB23C348833E}.Debug|Any CPU.ActiveCfg = Debug|Any CPU
		{4F05FC0B-DFB6-41A8-B5E3-FB23C348833E}.Debug|Any CPU.Build.0 = Debug|Any CPU
		{4F05FC0B-DFB6-41A8-B5E3-FB23C348833E}.Release|Any CPU.ActiveCfg = Release|Any CPU
		{4F05FC0B-DFB6-41A8-B5E3-FB23C348833E}.Release|Any CPU.Build.0 = Release|Any CPU
		{7A18E6E4-1924-4292-A404-195A819FE629}.Debug|Any CPU.ActiveCfg = Debug|Any CPU
		{7A18E6E4-1924-4292-A404-195A819FE629}.Debug|Any CPU.Build.0 = Debug|Any CPU
		{7A18E6E4-1924-4292-A404-195A819FE629}.Release|Any CPU.ActiveCfg = Release|Any CPU
		{7A18E6E4-1924-4292-A404-195A819FE629}.Release|Any CPU.Build.0 = Release|Any CPU
		{98ECB6A5-5D84-4C2B-B0F7-B2F945B4A8CA}.Debug|Any CPU.ActiveCfg = Debug|Any CPU
		{98ECB6A5-5D84-4C2B-B0F7-B2F945B4A8CA}.Debug|Any CPU.Build.0 = Debug|Any CPU
		{98ECB6A5-5D84-4C2B-B0F7-B2F945B4A8CA}.Release|Any CPU.ActiveCfg = Release|Any CPU
		{98ECB6A5-5D84-4C2B-B0F7-B2F945B4A8CA}.Release|Any CPU.Build.0 = Release|Any CPU
	EndGlobalSection
	GlobalSection(NestedProjects) = preSolution
	EndGlobalSection
EndGlobal
